
Microsoft Visual Studio Solution File, Format Version 12.00
# Visual Studio Version 17
VisualStudioVersion = 17.14.36301.6
MinimumVisualStudioVersion = 10.0.40219.1
Project("{2150E333-8FDC-42A3-9474-1A3956D46DE8}") = "DesignPatterns", "DesignPatterns", "{02EA681E-C7D8-13C7-8484-4AC65E1B71E8}"
EndProject
Project("{2150E333-8FDC-42A3-9474-1A3956D46DE8}") = "OOP", "OOP", "{A992ACD4-D39A-4F21-BCAF-0CF49A82D8E7}"
EndProject
Project("{2150E333-8FDC-42A3-9474-1A3956D46DE8}") = "SOLID", "SOLID", "{913E2BF3-9B92-442B-BBC9-AFA8E9AEE303}"
EndProject
Project("{2150E333-8FDC-42A3-9474-1A3956D46DE8}") = "DependencyInversion", "DependencyInversion", "{7B238D85-FD8C-4285-8504-7434E5CFE4A8}"
EndProject
Project("{2150E333-8FDC-42A3-9474-1A3956D46DE8}") = "InterfaceSegregation", "InterfaceSegregation", "{45700284-1CDF-4F3D-B35D-BD3B2932D358}"
EndProject
Project("{2150E333-8FDC-42A3-9474-1A3956D46DE8}") = "LiskovSubstitution", "LiskovSubstitution", "{566B02B5-2592-4822-ADBB-A9D545F575BF}"
EndProject
Project("{2150E333-8FDC-42A3-9474-1A3956D46DE8}") = "OpenClose", "OpenClose", "{310BB093-86DB-482E-8EB8-341884B0BBF2}"
EndProject
Project("{2150E333-8FDC-42A3-9474-1A3956D46DE8}") = "SingleResposibility", "SingleResposibility", "{F195751D-5F20-4F2B-8DAF-67A8B4F63282}"
EndProject
Project("{2150E333-8FDC-42A3-9474-1A3956D46DE8}") = "Abstraction", "Abstraction", "{785E9ECF-1901-4C52-95F4-AC9ECB596571}"
EndProject
Project("{2150E333-8FDC-42A3-9474-1A3956D46DE8}") = "Encapsulation", "Encapsulation", "{57DD77FF-4D49-4BF8-8EF0-CC8C57C205AD}"
EndProject
Project("{2150E333-8FDC-42A3-9474-1A3956D46DE8}") = "Inheritance", "Inheritance", "{52D7E167-FFEB-4DDE-B3A9-EC94051FFD30}"
EndProject
Project("{2150E333-8FDC-42A3-9474-1A3956D46DE8}") = "Polymorphism", "Polymorphism", "{F91EE6B5-EE35-4B98-9D35-BB4743E4194B}"
EndProject
Project("{2150E333-8FDC-42A3-9474-1A3956D46DE8}") = "Behavioral", "Behavioral", "{AF50FBA4-FCE2-41BB-B1F7-2805F77BA168}"
EndProject
Project("{2150E333-8FDC-42A3-9474-1A3956D46DE8}") = "Creational", "Creational", "{3AF772F2-CB14-428C-ABA5-CB9499ABFEA2}"
EndProject
Project("{2150E333-8FDC-42A3-9474-1A3956D46DE8}") = "Structural", "Structural", "{A388A710-1CE5-4BFA-AFB1-D5360C176AF6}"
EndProject
Project("{2150E333-8FDC-42A3-9474-1A3956D46DE8}") = "ChainOfResponsibility", "ChainOfResponsibility", "{41B56DEF-EFE5-46DC-8681-16BC5AFE8CAF}"
EndProject
Project("{2150E333-8FDC-42A3-9474-1A3956D46DE8}") = "Command", "Command", "{BB26806A-AA99-4FFB-904A-6F29BCCD1635}"
EndProject
Project("{2150E333-8FDC-42A3-9474-1A3956D46DE8}") = "Interpreter", "Interpreter", "{C15FD5D1-3FD1-4BFD-8FDE-C2372F1588FD}"
EndProject
Project("{2150E333-8FDC-42A3-9474-1A3956D46DE8}") = "Iterator", "Iterator", "{C939398B-2524-413E-B0BE-B84DE5E98575}"
EndProject
Project("{2150E333-8FDC-42A3-9474-1A3956D46DE8}") = "Mediator", "Mediator", "{3791D027-E0C0-4CFA-93B6-6747B2276D57}"
EndProject
Project("{2150E333-8FDC-42A3-9474-1A3956D46DE8}") = "Memento", "Memento", "{7695200F-C5B5-4CA0-B224-79B040E53381}"
EndProject
Project("{2150E333-8FDC-42A3-9474-1A3956D46DE8}") = "Observer", "Observer", "{FE1441C0-8A29-41BA-8968-896F826E644D}"
EndProject
Project("{2150E333-8FDC-42A3-9474-1A3956D46DE8}") = "State", "State", "{A0BBD752-C271-40C7-A2F0-91F432540CA5}"
EndProject
Project("{2150E333-8FDC-42A3-9474-1A3956D46DE8}") = "Strategy", "Strategy", "{732F55ED-1577-46D7-9172-DF06AE63AAC6}"
EndProject
Project("{2150E333-8FDC-42A3-9474-1A3956D46DE8}") = "TemplateMethod", "TemplateMethod", "{E7B85062-1AA1-4B0C-92EF-1CCCC6B25160}"
EndProject
Project("{2150E333-8FDC-42A3-9474-1A3956D46DE8}") = "Visitor", "Visitor", "{5FF583DC-800F-4758-893C-4250DC97D973}"
EndProject
Project("{2150E333-8FDC-42A3-9474-1A3956D46DE8}") = "AbstractFactory", "AbstractFactory", "{4EDE1A56-8D95-456E-9563-383222C57DCC}"
EndProject
Project("{2150E333-8FDC-42A3-9474-1A3956D46DE8}") = "Builder", "Builder", "{958AA8E4-ACEB-475D-9FA9-B94041B3A8B6}"
EndProject
Project("{2150E333-8FDC-42A3-9474-1A3956D46DE8}") = "FactoryMethod", "FactoryMethod", "{78E6245B-CF2C-4D8D-A310-6FB6DF2F9622}"
EndProject
Project("{2150E333-8FDC-42A3-9474-1A3956D46DE8}") = "Prototype", "Prototype", "{44113831-8AA9-410E-ADC7-17107C84A84E}"
EndProject
Project("{2150E333-8FDC-42A3-9474-1A3956D46DE8}") = "Singleton", "Singleton", "{3D4CB6AF-2472-4E7F-8804-573008C73539}"
EndProject
Project("{2150E333-8FDC-42A3-9474-1A3956D46DE8}") = "AdapterPattern", "AdapterPattern", "{11D72886-4B6B-4577-B87A-4373C4717CFA}"
EndProject
Project("{2150E333-8FDC-42A3-9474-1A3956D46DE8}") = "Bridge", "Bridge", "{428BA62D-F5B7-4ACB-92AD-7935599694FF}"
EndProject
Project("{2150E333-8FDC-42A3-9474-1A3956D46DE8}") = "Composite", "Composite", "{FAF31952-790E-49F7-BACA-CB16925E0A52}"
EndProject
Project("{2150E333-8FDC-42A3-9474-1A3956D46DE8}") = "Decorator", "Decorator", "{E3419F48-5C52-4DF3-BEF0-CFF10E1A7F47}"
EndProject
Project("{2150E333-8FDC-42A3-9474-1A3956D46DE8}") = "Facade", "Facade", "{B690770E-C6EB-4C4C-B52D-EFE4D46144E4}"
EndProject
Project("{2150E333-8FDC-42A3-9474-1A3956D46DE8}") = "Flyweight", "Flyweight", "{B9186E6B-7E36-4047-ABEB-2F3366F9E7D1}"
EndProject
Project("{2150E333-8FDC-42A3-9474-1A3956D46DE8}") = "Proxy", "Proxy", "{AB5AB303-CAAD-45E5-8A3A-EC41C07BC2C4}"
EndProject
Project("{2150E333-8FDC-42A3-9474-1A3956D46DE8}") = "CodingTest", "CodingTest", "{656CB15F-7C26-4DD3-B302-A13038DE3D1B}"
EndProject
Project("{FAE04EC0-301F-11D3-BF4B-00C04F79EFBC}") = "ProblemSolving", "ProblemSolving\ProblemSolving.csproj", "{C3965A6C-B47D-4CC9-AF22-C07C63F1CC59}"
EndProject
Project("{FAE04EC0-301F-11D3-BF4B-00C04F79EFBC}") = "ProblemSolving.Tests", "ProblemSolving.Tests\ProblemSolving.Tests.csproj", "{3DF3032E-0023-4D56-8749-75023717C2B9}"
EndProject
Project("{FAE04EC0-301F-11D3-BF4B-00C04F79EFBC}") = "InterviewCoding.Tests", "InterviewCoding.Tests\InterviewCoding.Tests.csproj", "{AA84F6FA-1829-44FE-A52F-F344B5F16BD2}"
EndProject
Project("{FAE04EC0-301F-11D3-BF4B-00C04F79EFBC}") = "InterviewCoding", "InterviewCoding\InterviewCoding.csproj", "{4CD44D97-8961-496C-B01D-1D7115738F24}"
EndProject
Global
	GlobalSection(SolutionConfigurationPlatforms) = preSolution
		Debug|Any CPU = Debug|Any CPU
		Release|Any CPU = Release|Any CPU
	EndGlobalSection
	GlobalSection(ProjectConfigurationPlatforms) = postSolution
		{C3965A6C-B47D-4CC9-AF22-C07C63F1CC59}.Debug|Any CPU.ActiveCfg = Debug|Any CPU
		{C3965A6C-B47D-4CC9-AF22-C07C63F1CC59}.Debug|Any CPU.Build.0 = Debug|Any CPU
		{C3965A6C-B47D-4CC9-AF22-C07C63F1CC59}.Release|Any CPU.ActiveCfg = Release|Any CPU
		{C3965A6C-B47D-4CC9-AF22-C07C63F1CC59}.Release|Any CPU.Build.0 = Release|Any CPU
		{3DF3032E-0023-4D56-8749-75023717C2B9}.Debug|Any CPU.ActiveCfg = Debug|Any CPU
		{3DF3032E-0023-4D56-8749-75023717C2B9}.Debug|Any CPU.Build.0 = Debug|Any CPU
		{3DF3032E-0023-4D56-8749-75023717C2B9}.Release|Any CPU.ActiveCfg = Release|Any CPU
		{3DF3032E-0023-4D56-8749-75023717C2B9}.Release|Any CPU.Build.0 = Release|Any CPU
		{AA84F6FA-1829-44FE-A52F-F344B5F16BD2}.Debug|Any CPU.ActiveCfg = Debug|Any CPU
		{AA84F6FA-1829-44FE-A52F-F344B5F16BD2}.Debug|Any CPU.Build.0 = Debug|Any CPU
		{AA84F6FA-1829-44FE-A52F-F344B5F16BD2}.Release|Any CPU.ActiveCfg = Release|Any CPU
		{AA84F6FA-1829-44FE-A52F-F344B5F16BD2}.Release|Any CPU.Build.0 = Release|Any CPU
		{4CD44D97-8961-496C-B01D-1D7115738F24}.Debug|Any CPU.ActiveCfg = Debug|Any CPU
		{4CD44D97-8961-496C-B01D-1D7115738F24}.Debug|Any CPU.Build.0 = Debug|Any CPU
		{4CD44D97-8961-496C-B01D-1D7115738F24}.Release|Any CPU.ActiveCfg = Release|Any CPU
		{4CD44D97-8961-496C-B01D-1D7115738F24}.Release|Any CPU.Build.0 = Release|Any CPU
	EndGlobalSection
	GlobalSection(SolutionProperties) = preSolution
		HideSolutionNode = FALSE
	EndGlobalSection
	GlobalSection(NestedProjects) = preSolution
		{7B238D85-FD8C-4285-8504-7434E5CFE4A8} = {913E2BF3-9B92-442B-BBC9-AFA8E9AEE303}
		{45700284-1CDF-4F3D-B35D-BD3B2932D358} = {913E2BF3-9B92-442B-BBC9-AFA8E9AEE303}
		{566B02B5-2592-4822-ADBB-A9D545F575BF} = {913E2BF3-9B92-442B-BBC9-AFA8E9AEE303}
		{310BB093-86DB-482E-8EB8-341884B0BBF2} = {913E2BF3-9B92-442B-BBC9-AFA8E9AEE303}
		{F195751D-5F20-4F2B-8DAF-67A8B4F63282} = {913E2BF3-9B92-442B-BBC9-AFA8E9AEE303}
		{785E9ECF-1901-4C52-95F4-AC9ECB596571} = {A992ACD4-D39A-4F21-BCAF-0CF49A82D8E7}
		{57DD77FF-4D49-4BF8-8EF0-CC8C57C205AD} = {A992ACD4-D39A-4F21-BCAF-0CF49A82D8E7}
		{52D7E167-FFEB-4DDE-B3A9-EC94051FFD30} = {A992ACD4-D39A-4F21-BCAF-0CF49A82D8E7}
		{F91EE6B5-EE35-4B98-9D35-BB4743E4194B} = {A992ACD4-D39A-4F21-BCAF-0CF49A82D8E7}
		{AF50FBA4-FCE2-41BB-B1F7-2805F77BA168} = {02EA681E-C7D8-13C7-8484-4AC65E1B71E8}
		{3AF772F2-CB14-428C-ABA5-CB9499ABFEA2} = {02EA681E-C7D8-13C7-8484-4AC65E1B71E8}
		{A388A710-1CE5-4BFA-AFB1-D5360C176AF6} = {02EA681E-C7D8-13C7-8484-4AC65E1B71E8}
		{41B56DEF-EFE5-46DC-8681-16BC5AFE8CAF} = {AF50FBA4-FCE2-41BB-B1F7-2805F77BA168}
		{BB26806A-AA99-4FFB-904A-6F29BCCD1635} = {AF50FBA4-FCE2-41BB-B1F7-2805F77BA168}
		{C15FD5D1-3FD1-4BFD-8FDE-C2372F1588FD} = {AF50FBA4-FCE2-41BB-B1F7-2805F77BA168}
		{C939398B-2524-413E-B0BE-B84DE5E98575} = {AF50FBA4-FCE2-41BB-B1F7-2805F77BA168}
		{3791D027-E0C0-4CFA-93B6-6747B2276D57} = {AF50FBA4-FCE2-41BB-B1F7-2805F77BA168}
		{7695200F-C5B5-4CA0-B224-79B040E53381} = {AF50FBA4-FCE2-41BB-B1F7-2805F77BA168}
		{FE1441C0-8A29-41BA-8968-896F826E644D} = {AF50FBA4-FCE2-41BB-B1F7-2805F77BA168}
		{A0BBD752-C271-40C7-A2F0-91F432540CA5} = {AF50FBA4-FCE2-41BB-B1F7-2805F77BA168}
		{732F55ED-1577-46D7-9172-DF06AE63AAC6} = {AF50FBA4-FCE2-41BB-B1F7-2805F77BA168}
		{E7B85062-1AA1-4B0C-92EF-1CCCC6B25160} = {AF50FBA4-FCE2-41BB-B1F7-2805F77BA168}
		{5FF583DC-800F-4758-893C-4250DC97D973} = {AF50FBA4-FCE2-41BB-B1F7-2805F77BA168}
		{4EDE1A56-8D95-456E-9563-383222C57DCC} = {3AF772F2-CB14-428C-ABA5-CB9499ABFEA2}
		{958AA8E4-ACEB-475D-9FA9-B94041B3A8B6} = {3AF772F2-CB14-428C-ABA5-CB9499ABFEA2}
		{78E6245B-CF2C-4D8D-A310-6FB6DF2F9622} = {3AF772F2-CB14-428C-ABA5-CB9499ABFEA2}
		{44113831-8AA9-410E-ADC7-17107C84A84E} = {3AF772F2-CB14-428C-ABA5-CB9499ABFEA2}
		{3D4CB6AF-2472-4E7F-8804-573008C73539} = {3AF772F2-CB14-428C-ABA5-CB9499ABFEA2}
		{11D72886-4B6B-4577-B87A-4373C4717CFA} = {A388A710-1CE5-4BFA-AFB1-D5360C176AF6}
		{428BA62D-F5B7-4ACB-92AD-7935599694FF} = {A388A710-1CE5-4BFA-AFB1-D5360C176AF6}
		{FAF31952-790E-49F7-BACA-CB16925E0A52} = {A388A710-1CE5-4BFA-AFB1-D5360C176AF6}
		{E3419F48-5C52-4DF3-BEF0-CFF10E1A7F47} = {A388A710-1CE5-4BFA-AFB1-D5360C176AF6}
		{B690770E-C6EB-4C4C-B52D-EFE4D46144E4} = {A388A710-1CE5-4BFA-AFB1-D5360C176AF6}
		{B9186E6B-7E36-4047-ABEB-2F3366F9E7D1} = {A388A710-1CE5-4BFA-AFB1-D5360C176AF6}
		{AB5AB303-CAAD-45E5-8A3A-EC41C07BC2C4} = {A388A710-1CE5-4BFA-AFB1-D5360C176AF6}
		{C3965A6C-B47D-4CC9-AF22-C07C63F1CC59} = {656CB15F-7C26-4DD3-B302-A13038DE3D1B}
		{3DF3032E-0023-4D56-8749-75023717C2B9} = {656CB15F-7C26-4DD3-B302-A13038DE3D1B}
		{AA84F6FA-1829-44FE-A52F-F344B5F16BD2} = {656CB15F-7C26-4DD3-B302-A13038DE3D1B}
		{4CD44D97-8961-496C-B01D-1D7115738F24} = {656CB15F-7C26-4DD3-B302-A13038DE3D1B}
	EndGlobalSection
	GlobalSection(ExtensibilityGlobals) = postSolution
		SolutionGuid = {7A443756-0113-426A-8A7A-2BBC52F4E732}
	EndGlobalSection
EndGlobal
